{
  "name": "seckp256k1",
  "version": "1.0.0",
  "lockfileVersion": 1,
  "requires": true,
  "dependencies": {
    "base-x": {
      "version": "3.0.4",
      "resolved": "https://registry.npmjs.org/base-x/-/base-x-3.0.4.tgz",
      "integrity": "sha512-UYOadoSIkEI/VrRGSG6qp93rp2WdokiAiNYDfGW5qURAY8GiAQkvMbwNNSDYiVJopqv4gCna7xqf4rrNGp+5AA==",
      "requires": {
        "safe-buffer": "^5.0.1"
      }
    },
    "big-integer": {
      "version": "1.6.36",
      "resolved": "https://registry.npmjs.org/big-integer/-/big-integer-1.6.36.tgz",
      "integrity": "sha512-t70bfa7HYEA1D9idDbmuv7YbsbVkQ+Hp+8KFSul4aE5e/i1bjCNIRYJZlA8Q8p0r9T8cF/RVvwUgRA//FydEyg=="
    },
    "cashlib": {
      "version": "0.0.6",
      "resolved": "https://registry.npmjs.org/cashlib/-/cashlib-0.0.6.tgz",
      "integrity": "sha512-yDylMMucF+/ooaowho4Ob+t6uFFRe1GO/rtClnttzPQAi+6I5QPwRCEz+97ii+J7Z86Rdd68WSdYMycgA9amQg==",
      "requires": {
        "base-x": "^3.0.4",
        "stringfu": "0.0.2"
      },
      "dependencies": {
        "stringfu": {
          "version": "0.0.2",
          "resolved": "https://registry.npmjs.org/stringfu/-/stringfu-0.0.2.tgz",
          "integrity": "sha512-2NbuGC1OoEcml3RCQQrxJBrQkzNQQhwQYOGK0Z71JNjkSefS0vPrQFRwSGeFRUPFRp5ldQoibHQri/DAUldJSA=="
        }
      }
    },
    "safe-buffer": {
      "version": "5.1.2",
      "resolved": "https://registry.npmjs.org/safe-buffer/-/safe-buffer-5.1.2.tgz",
      "integrity": "sha512-Gd2UZBJDkXlY7GbJxfsE8/nvKkUEU1G38c1siN6QP6a9PT9MmHB8GnpscSmMJSoF8LOIrt8ud/wPtojys4G6+g=="
    },
    "stringfu": {
      "version": "0.0.4",
      "resolved": "https://registry.npmjs.org/stringfu/-/stringfu-0.0.4.tgz",
      "integrity": "sha512-6ngJWJLh6YZDqXhxTqh1zy9A93ey0Rb2DQ1dayRV+3LLPTJETKFQxB17ooH0Md1cbT6nCGY5spvUFXCbUOYMHA==",
      "dev": true
    }
  }
}
