{
  "name": "secp256k1",
  "version": "1.0.0",
  "lockfileVersion": 1,
  "requires": true,
  "dependencies": {
    "big-integer": {
      "version": "1.6.36",
      "resolved": "https://registry.npmjs.org/big-integer/-/big-integer-1.6.36.tgz",
      "integrity": "sha512-t70bfa7HYEA1D9idDbmuv7YbsbVkQ+Hp+8KFSul4aE5e/i1bjCNIRYJZlA8Q8p0r9T8cF/RVvwUgRA//FydEyg=="
    },
    "stringfu": {
      "version": "0.0.4",
      "resolved": "https://registry.npmjs.org/stringfu/-/stringfu-0.0.4.tgz",
      "integrity": "sha512-6ngJWJLh6YZDqXhxTqh1zy9A93ey0Rb2DQ1dayRV+3LLPTJETKFQxB17ooH0Md1cbT6nCGY5spvUFXCbUOYMHA=="
    }
  }
}
